# THIS IS AN AUTOGENERATED FILE. DO NOT EDIT THIS FILE DIRECTLY.
# yarn lockfile v1


"@vue/test-utils@2.0.0-beta.3":
  version "2.0.0-beta.3"
  resolved "https://registry.npmjs.org/@vue/test-utils/-/test-utils-2.0.0-beta.3.tgz#6dcf4a98e0b379918ca590245ed8e249ea36ade4"
  integrity sha512-fPHEeF/PYTNtTfx/t/KpvSek3Gv5npcufiCqu3Ghlxzg8r36dGIPnLXPZLdVB/0zHUezx48sWZNH1PuxoWwHBw==
